// !$*UTF8*$!
{
	archiveVersion = 1;
	classes = {
	};
	objectVersion = 77;
	objects = {

/* Begin PBXContainerItemProxy section */
		E823BD7C2EC92B7E00D2493B /* PBXContainerItemProxy */ = {
			isa = PBXContainerItemProxy;
			containerPortal = E823BD662EC92B6D00D2493B /* Project object */;
			proxyType = 1;
			remoteGlobalIDString = E823BD6D2EC92B6D00D2493B;
			remoteInfo = "nhl-daily";
		};
		E823BD862EC92B7E00D2493B /* PBXContainerItemProxy */ = {
			isa = PBXContainerItemProxy;
			containerPortal = E823BD662EC92B6D00D2493B /* Project object */;
			proxyType = 1;
			remoteGlobalIDString = E823BD6D2EC92B6D00D2493B;
			remoteInfo = "nhl-daily";
		};
/* End PBXContainerItemProxy section */

/* Begin PBXFileReference section */
		E823BD6E2EC92B6D00D2493B /* nhl-daily.app */ = {isa = PBXFileReference; explicitFileType = wrapper.application; includeInIndex = 0; path = "nhl-daily.app"; sourceTree = BUILT_PRODUCTS_DIR; };
		E823BD7B2EC92B7E00D2493B /* nhl-dailyTests.xctest */ = {isa = PBXFileReference; explicitFileType = wrapper.cfbundle; includeInIndex = 0; path = "nhl-dailyTests.xctest"; sourceTree = BUILT_PRODUCTS_DIR; };
		E823BD852EC92B7E00D2493B /* nhl-dailyUITests.xctest */ = {isa = PBXFileReference; explicitFileType = wrapper.cfbundle; includeInIndex = 0; path = "nhl-dailyUITests.xctest"; sourceTree = BUILT_PRODUCTS_DIR; };
/* End PBXFileReference section */

/* Begin PBXFileSystemSynchronizedRootGroup section */
		E823BD702EC92B6D00D2493B /* nhl-daily */ = {
			isa = PBXFileSystemSynchronizedRootGroup;
			path = "nhl-daily";
			sourceTree = "<group>";
		};
		E823BD7E2EC92B7E00D2493B /* nhl-dailyTests */ = {
			isa = PBXFileSystemSynchronizedRootGroup;
			path = "nhl-dailyTests";
			sourceTree = "<group>";
		};
		E823BD882EC92B7E00D2493B /* nhl-dailyUITests */ = {
			isa = PBXFileSystemSynchronizedRootGroup;
			path = "nhl-dailyUITests";
			sourceTree = "<group>";
		};
/* End PBXFileSystemSynchronizedRootGroup section */

/* Begin PBXFrameworksBuildPhase section */
		E823BD6B2EC92B6D00D2493B /* Frameworks */ = {
			isa = PBXFrameworksBuildPhase;
			buildActionMask = 2147483647;
			files = (
			);
			runOnlyForDeploymentPostprocessing = 0;
		};
		E823BD782EC92B7E00D2493B /* Frameworks */ = {
			isa = PBXFrameworksBuildPhase;
			buildActionMask = 2147483647;
			files = (
			);
			runOnlyForDeploymentPostprocessing = 0;
		};
		E823BD822EC92B7E00D2493B /* Frameworks */ = {
			isa = PBXFrameworksBuildPhase;
			buildActionMask = 2147483647;
			files = (
			);
			runOnlyForDeploymentPostprocessing = 0;
		};
/* End PBXFrameworksBuildPhase section */

/* Begin PBXGroup section */
		E823BD652EC92B6D00D2493B = {
			isa = PBXGroup;
			children = (
				E823BD702EC92B6D00D2493B /* nhl-daily */,
				E823BD7E2EC92B7E00D2493B /* nhl-dailyTests */,
				E823BD882EC92B7E00D2493B /* nhl-dailyUITests */,
				E823BD6F2EC92B6D00D2493B /* Products */,
			);
			sourceTree = "<group>";
		};
		E823BD6F2EC92B6D00D2493B /* Products */ = {
			isa = PBXGroup;
			children = (
				E823BD6E2EC92B6D00D2493B /* nhl-daily.app */,
				E823BD7B2EC92B7E00D2493B /* nhl-dailyTests.xctest */,
				E823BD852EC92B7E00D2493B /* nhl-dailyUITests.xctest */,
			);
			name = Products;
			sourceTree = "<group>";
		};
/* End PBXGroup section */

/* Begin PBXNativeTarget section */
		E823BD6D2EC92B6D00D2493B /* nhl-daily */ = {
			isa = PBXNativeTarget;
			buildConfigurationList = E823BD8F2EC92B7E00D2493B /* Build configuration list for PBXNativeTarget "nhl-daily" */;
			buildPhases = (
				E823BD6A2EC92B6D00D2493B /* Sources */,
				E823BD6B2EC92B6D00D2493B /* Frameworks */,
				E823BD6C2EC92B6D00D2493B /* Resources */,
			);
			buildRules = (
			);
			dependencies = (
			);
			fileSystemSynchronizedGroups = (
				E823BD702EC92B6D00D2493B /* nhl-daily */,
			);
			name = "nhl-daily";
			packageProductDependencies = (
			);
			productName = "nhl-daily";
			productReference = E823BD6E2EC92B6D00D2493B /* nhl-daily.app */;
			productType = "com.apple.product-type.application";
		};
		E823BD7A2EC92B7E00D2493B /* nhl-dailyTests */ = {
			isa = PBXNativeTarget;
			buildConfigurationList = E823BD922EC92B7E00D2493B /* Build configuration list for PBXNativeTarget "nhl-dailyTests" */;
			buildPhases = (
				E823BD772EC92B7E00D2493B /* Sources */,
				E823BD782EC92B7E00D2493B /* Frameworks */,
				E823BD792EC92B7E00D2493B /* Resources */,
			);
			buildRules = (
			);
			dependencies = (
				E823BD7D2EC92B7E00D2493B /* PBXTargetDependency */,
			);
			fileSystemSynchronizedGroups = (
				E823BD7E2EC92B7E00D2493B /* nhl-dailyTests */,
			);
			name = "nhl-dailyTests";
			packageProductDependencies = (
			);
			productName = "nhl-dailyTests";
			productReference = E823BD7B2EC92B7E00D2493B /* nhl-dailyTests.xctest */;
			productType = "com.apple.product-type.bundle.unit-test";
		};
		E823BD842EC92B7E00D2493B /* nhl-dailyUITests */ = {
			isa = PBXNativeTarget;
			buildConfigurationList = E823BD952EC92B7E00D2493B /* Build configuration list for PBXNativeTarget "nhl-dailyUITests" */;
			buildPhases = (
				E823BD812EC92B7E00D2493B /* Sources */,
				E823BD822EC92B7E00D2493B /* Frameworks */,
				E823BD832EC92B7E00D2493B /* Resources */,
			);
			buildRules = (
			);
			dependencies = (
				E823BD872EC92B7E00D2493B /* PBXTargetDependency */,
			);
			fileSystemSynchronizedGroups = (
				E823BD882EC92B7E00D2493B /* nhl-dailyUITests */,
			);
			name = "nhl-dailyUITests";
			packageProductDependencies = (
			);
			productName = "nhl-dailyUITests";
			productReference = E823BD852EC92B7E00D2493B /* nhl-dailyUITests.xctest */;
			productType = "com.apple.product-type.bundle.ui-testing";
		};
/* End PBXNativeTarget section */

/* Begin PBXProject section */
		E823BD662EC92B6D00D2493B /* Project object */ = {
			isa = PBXProject;
			attributes = {
				BuildIndependentTargetsInParallel = 1;
				LastSwiftUpdateCheck = 2600;
				LastUpgradeCheck = 2600;
				TargetAttributes = {
					E823BD6D2EC92B6D00D2493B = {
						CreatedOnToolsVersion = 26.0.1;
					};
					E823BD7A2EC92B7E00D2493B = {
						CreatedOnToolsVersion = 26.0.1;
						TestTargetID = E823BD6D2EC92B6D00D2493B;
					};
					E823BD842EC92B7E00D2493B = {
						CreatedOnToolsVersion = 26.0.1;
						TestTargetID = E823BD6D2EC92B6D00D2493B;
					};
				};
			};
			buildConfigurationList = E823BD692EC92B6D00D2493B /* Build configuration list for PBXProject "nhl-daily" */;
			developmentRegion = en;
			hasScannedForEncodings = 0;
			knownRegions = (
				en,
				Base,
			);
			mainGroup = E823BD652EC92B6D00D2493B;
			minimizedProjectReferenceProxies = 1;
			preferredProjectObjectVersion = 77;
			productRefGroup = E823BD6F2EC92B6D00D2493B /* Products */;
			projectDirPath = "";
			projectRoot = "";
			targets = (
				E823BD6D2EC92B6D00D2493B /* nhl-daily */,
				E823BD7A2EC92B7E00D2493B /* nhl-dailyTests */,
				E823BD842EC92B7E00D2493B /* nhl-dailyUITests */,
			);
		};
/* End PBXProject section */

/* Begin PBXResourcesBuildPhase section */
		E823BD6C2EC92B6D00D2493B /* Resources */ = {
			isa = PBXResourcesBuildPhase;
			buildActionMask = 2147483647;
			files = (
			);
			runOnlyForDeploymentPostprocessing = 0;
		};
		E823BD792EC92B7E00D2493B /* Resources */ = {
			isa = PBXResourcesBuildPhase;
			buildActionMask = 2147483647;
			files = (
			);
			runOnlyForDeploymentPostprocessing = 0;
		};
		E823BD832EC92B7E00D2493B /* Resources */ = {
			isa = PBXResourcesBuildPhase;
			buildActionMask = 2147483647;
			files = (
			);
			runOnlyForDeploymentPostprocessing = 0;
		};
/* End PBXResourcesBuildPhase section */

/* Begin PBXSourcesBuildPhase section */
		E823BD6A2EC92B6D00D2493B /* Sources */ = {
			isa = PBXSourcesBuildPhase;
			buildActionMask = 2147483647;
			files = (
			);
			runOnlyForDeploymentPostprocessing = 0;
		};
		E823BD772EC92B7E00D2493B /* Sources */ = {
			isa = PBXSourcesBuildPhase;
			buildActionMask = 2147483647;
			files = (
			);
			runOnlyForDeploymentPostprocessing = 0;
		};
		E823BD812EC92B7E00D2493B /* Sources */ = {
			isa = PBXSourcesBuildPhase;
			buildActionMask = 2147483647;
			files = (
			);
			runOnlyForDeploymentPostprocessing = 0;
		};
/* End PBXSourcesBuildPhase section */

/* Begin PBXTargetDependency section */
		E823BD7D2EC92B7E00D2493B /* PBXTargetDependency */ = {
			isa = PBXTargetDependency;
			target = E823BD6D2EC92B6D00D2493B /* nhl-daily */;
			targetProxy = E823BD7C2EC92B7E00D2493B /* PBXContainerItemProxy */;
		};
		E823BD872EC92B7E00D2493B /* PBXTargetDependency */ = {
			isa = PBXTargetDependency;
			target = E823BD6D2EC92B6D00D2493B /* nhl-daily */;
			targetProxy = E823BD862EC92B7E00D2493B /* PBXContainerItemProxy */;
		};
/* End PBXTargetDependency section */

/* Begin XCBuildConfiguration section */
		E823BD8D2EC92B7E00D2493B /* Debug */ = {
			isa = XCBuildConfiguration;
			buildSettings = {
				ALWAYS_SEARCH_USER_PATHS = NO;
				ASSETCATALOG_COMPILER_GENERATE_SWIFT_ASSET_SYMBOL_EXTENSIONS = YES;
				CLANG_ANALYZER_NONNULL = YES;
				CLANG_ANALYZER_NUMBER_OBJECT_CONVERSION = YES_AGGRESSIVE;
				CLANG_CXX_LANGUAGE_STANDARD = "gnu++20";
				CLANG_ENABLE_MODULES = YES;
				CLANG_ENABLE_OBJC_ARC = YES;
				CLANG_ENABLE_OBJC_WEAK = YES;
				CLANG_WARN_BLOCK_CAPTURE_AUTORELEASING = YES;
				CLANG_WARN_BOOL_CONVERSION = YES;
				CLANG_WARN_COMMA = YES;
				CLANG_WARN_CONSTANT_CONVERSION = YES;
				CLANG_WARN_DEPRECATED_OBJC_IMPLEMENTATIONS = YES;
				CLANG_WARN_DIRECT_OBJC_ISA_USAGE = YES_ERROR;
				CLANG_WARN_DOCUMENTATION_COMMENTS = YES;
				CLANG_WARN_EMPTY_BODY = YES;
				CLANG_WARN_ENUM_CONVERSION = YES;
				CLANG_WARN_INFINITE_RECURSION = YES;
				CLANG_WARN_INT_CONVERSION = YES;
				CLANG_WARN_NON_LITERAL_NULL_CONVERSION = YES;
				CLANG_WARN_OBJC_IMPLICIT_RETAIN_SELF = YES;
				CLANG_WARN_OBJC_LITERAL_CONVERSION = YES;
				CLANG_WARN_OBJC_ROOT_CLASS = YES_ERROR;
				CLANG_WARN_QUOTED_INCLUDE_IN_FRAMEWORK_HEADER = YES;
				CLANG_WARN_RANGE_LOOP_ANALYSIS = YES;
				CLANG_WARN_STRICT_PROTOTYPES = YES;
				CLANG_WARN_SUSPICIOUS_MOVE = YES;
				CLANG_WARN_UNGUARDED_AVAILABILITY = YES_AGGRESSIVE;
				CLANG_WARN_UNREACHABLE_CODE = YES;
				CLANG_WARN__DUPLICATE_METHOD_MATCH = YES;
				COPY_PHASE_STRIP = NO;
				DEBUG_INFORMATION_FORMAT = dwarf;
				ENABLE_STRICT_OBJC_MSGSEND = YES;
				ENABLE_TESTABILITY = YES;
				ENABLE_USER_SCRIPT_SANDBOXING = YES;
				GCC_C_LANGUAGE_STANDARD = gnu17;
				GCC_DYNAMIC_NO_PIC = NO;
				GCC_NO_COMMON_BLOCKS = YES;
				GCC_OPTIMIZATION_LEVEL = 0;
				GCC_PREPROCESSOR_DEFINITIONS = (
					"DEBUG=1",
					"$(inherited)",
				);
				GCC_WARN_64_TO_32_BIT_CONVERSION = YES;
				GCC_WARN_ABOUT_RETURN_TYPE = YES_ERROR;
				GCC_WARN_UNDECLARED_SELECTOR = YES;
				GCC_WARN_UNINITIALIZED_AUTOS = YES_AGGRESSIVE;
				GCC_WARN_UNUSED_FUNCTION = YES;
				GCC_WARN_UNUSED_VARIABLE = YES;
				IPHONEOS_DEPLOYMENT_TARGET = 26.0;
				LOCALIZATION_PREFERS_STRING_CATALOGS = YES;
				MTL_ENABLE_DEBUG_INFO = INCLUDE_SOURCE;
				MTL_FAST_MATH = YES;
				ONLY_ACTIVE_ARCH = YES;
				SDKROOT = iphoneos;
				SWIFT_ACTIVE_COMPILATION_CONDITIONS = "DEBUG $(inherited)";
				SWIFT_OPTIMIZATION_LEVEL = "-Onone";
			};
			name = Debug;
		};
		E823BD8E2EC92B7E00D2493B /* Release */ = {
			isa = XCBuildConfiguration;
			buildSettings = {
				ALWAYS_SEARCH_USER_PATHS = NO;
				ASSETCATALOG_COMPILER_GENERATE_SWIFT_ASSET_SYMBOL_EXTENSIONS = YES;
				CLANG_ANALYZER_NONNULL = YES;
				CLANG_ANALYZER_NUMBER_OBJECT_CONVERSION = YES_AGGRESSIVE;
				CLANG_CXX_LANGUAGE_STANDARD = "gnu++20";
				CLANG_ENABLE_MODULES = YES;
				CLANG_ENABLE_OBJC_ARC = YES;
				CLANG_ENABLE_OBJC_WEAK = YES;
				CLANG_WARN_BLOCK_CAPTURE_AUTORELEASING = YES;
				CLANG_WARN_BOOL_CONVERSION = YES;
				CLANG_WARN_COMMA = YES;
				CLANG_WARN_CONSTANT_CONVERSION = YES;
				CLANG_WARN_DEPRECATED_OBJC_IMPLEMENTATIONS = YES;
				CLANG_WARN_DIRECT_OBJC_ISA_USAGE = YES_ERROR;
				CLANG_WARN_DOCUMENTATION_COMMENTS = YES;
				CLANG_WARN_EMPTY_BODY = YES;
				CLANG_WARN_ENUM_CONVERSION = YES;
				CLANG_WARN_INFINITE_RECURSION = YES;
				CLANG_WARN_INT_CONVERSION = YES;
				CLANG_WARN_NON_LITERAL_NULL_CONVERSION = YES;
				CLANG_WARN_OBJC_IMPLICIT_RETAIN_SELF = YES;
				CLANG_WARN_OBJC_LITERAL_CONVERSION = YES;
				CLANG_WARN_OBJC_ROOT_CLASS = YES_ERROR;
				CLANG_WARN_QUOTED_INCLUDE_IN_FRAMEWORK_HEADER = YES;
				CLANG_WARN_RANGE_LOOP_ANALYSIS = YES;
				CLANG_WARN_STRICT_PROTOTYPES = YES;
				CLANG_WARN_SUSPICIOUS_MOVE = YES;
				CLANG_WARN_UNGUARDED_AVAILABILITY = YES_AGGRESSIVE;
				CLANG_WARN_UNREACHABLE_CODE = YES;
				CLANG_WARN__DUPLICATE_METHOD_MATCH = YES;
				COPY_PHASE_STRIP = NO;
				DEBUG_INFORMATION_FORMAT = "dwarf-with-dsym";
				ENABLE_NS_ASSERTIONS = NO;
				ENABLE_STRICT_OBJC_MSGSEND = YES;
				ENABLE_USER_SCRIPT_SANDBOXING = YES;
				GCC_C_LANGUAGE_STANDARD = gnu17;
				GCC_NO_COMMON_BLOCKS = YES;
				GCC_WARN_64_TO_32_BIT_CONVERSION = YES;
				GCC_WARN_ABOUT_RETURN_TYPE = YES_ERROR;
				GCC_WARN_UNDECLARED_SELECTOR = YES;
				GCC_WARN_UNINITIALIZED_AUTOS = YES_AGGRESSIVE;
				GCC_WARN_UNUSED_FUNCTION = YES;
				GCC_WARN_UNUSED_VARIABLE = YES;
				IPHONEOS_DEPLOYMENT_TARGET = 26.0;
				LOCALIZATION_PREFERS_STRING_CATALOGS = YES;
				MTL_ENABLE_DEBUG_INFO = NO;
				MTL_FAST_MATH = YES;
				SDKROOT = iphoneos;
				SWIFT_COMPILATION_MODE = wholemodule;
				VALIDATE_PRODUCT = YES;
			};
			name = Release;
		};
		E823BD902EC92B7E00D2493B /* Debug */ = {
			isa = XCBuildConfiguration;
			buildSettings = {
				ASSETCATALOG_COMPILER_APPICON_NAME = AppIcon;
				ASSETCATALOG_COMPILER_GLOBAL_ACCENT_COLOR_NAME = AccentColor;
				CODE_SIGN_STYLE = Automatic;
				CURRENT_PROJECT_VERSION = 1;
				DEVELOPMENT_TEAM = X3BT6T2SQJ;
				ENABLE_PREVIEWS = YES;
				GENERATE_INFOPLIST_FILE = YES;
				INFOPLIST_KEY_UIApplicationSceneManifest_Generation = YES;
				INFOPLIST_KEY_UIApplicationSupportsIndirectInputEvents = YES;
				INFOPLIST_KEY_UILaunchScreen_Generation = YES;
				INFOPLIST_KEY_UISupportedInterfaceOrientations_iPad = "UIInterfaceOrientationPortrait UIInterfaceOrientationPortraitUpsideDown UIInterfaceOrientationLandscapeLeft UIInterfaceOrientationLandscapeRight";
				INFOPLIST_KEY_UISupportedInterfaceOrientations_iPhone = "UIInterfaceOrientationPortrait UIInterfaceOrientationLandscapeLeft UIInterfaceOrientationLandscapeRight";
				IPHONEOS_DEPLOYMENT_TARGET = 18.6;
				LD_RUNPATH_SEARCH_PATHS = (
					"$(inherited)",
					"@executable_path/Frameworks",
				);
				MARKETING_VERSION = 1.0;
				PRODUCT_BUNDLE_IDENTIFIER = "prelim.nhl-daily";
				PRODUCT_NAME = "$(TARGET_NAME)";
				STRING_CATALOG_GENERATE_SYMBOLS = YES;
				SWIFT_APPROACHABLE_CONCURRENCY = YES;
				SWIFT_DEFAULT_ACTOR_ISOLATION = MainActor;
				SWIFT_EMIT_LOC_STRINGS = YES;
				SWIFT_UPCOMING_FEATURE_MEMBER_IMPORT_VISIBILITY = YES;
				SWIFT_VERSION = 5.0;
				TARGETED_DEVICE_FAMILY = "1,2";
			};
			name = Debug;
		};
		E823BD912EC92B7E00D2493B /* Release */ = {
			isa = XCBuildConfiguration;
			buildSettings = {
				ASSETCATALOG_COMPILER_APPICON_NAME = AppIcon;
				ASSETCATALOG_COMPILER_GLOBAL_ACCENT_COLOR_NAME = AccentColor;
				CODE_SIGN_STYLE = Automatic;
				CURRENT_PROJECT_VERSION = 1;
				DEVELOPMENT_TEAM = X3BT6T2SQJ;
				ENABLE_PREVIEWS = YES;
				GENERATE_INFOPLIST_FILE = YES;
				INFOPLIST_KEY_UIApplicationSceneManifest_Generation = YES;
				INFOPLIST_KEY_UIApplicationSupportsIndirectInputEvents = YES;
				INFOPLIST_KEY_UILaunchScreen_Generation = YES;
				INFOPLIST_KEY_UISupportedInterfaceOrientations_iPad = "UIInterfaceOrientationPortrait UIInterfaceOrientationPortraitUpsideDown UIInterfaceOrientationLandscapeLeft UIInterfaceOrientationLandscapeRight";
				INFOPLIST_KEY_UISupportedInterfaceOrientations_iPhone = "UIInterfaceOrientationPortrait UIInterfaceOrientationLandscapeLeft UIInterfaceOrientationLandscapeRight";
				IPHONEOS_DEPLOYMENT_TARGET = 18.6;
				LD_RUNPATH_SEARCH_PATHS = (
					"$(inherited)",
					"@executable_path/Frameworks",
				);
				MARKETING_VERSION = 1.0;
				PRODUCT_BUNDLE_IDENTIFIER = "prelim.nhl-daily";
				PRODUCT_NAME = "$(TARGET_NAME)";
				STRING_CATALOG_GENERATE_SYMBOLS = YES;
				SWIFT_APPROACHABLE_CONCURRENCY = YES;
				SWIFT_DEFAULT_ACTOR_ISOLATION = MainActor;
				SWIFT_EMIT_LOC_STRINGS = YES;
				SWIFT_UPCOMING_FEATURE_MEMBER_IMPORT_VISIBILITY = YES;
				SWIFT_VERSION = 5.0;
				TARGETED_DEVICE_FAMILY = "1,2";
			};
			name = Release;
		};
		E823BD932EC92B7E00D2493B /* Debug */ = {
			isa = XCBuildConfiguration;
			buildSettings = {
				BUNDLE_LOADER = "$(TEST_HOST)";
				CODE_SIGN_STYLE = Automatic;
				CURRENT_PROJECT_VERSION = 1;
				GENERATE_INFOPLIST_FILE = YES;
				IPHONEOS_DEPLOYMENT_TARGET = 26.0;
				MARKETING_VERSION = 1.0;
				PRODUCT_BUNDLE_IDENTIFIER = "prelim.nhl-dailyTests";
				PRODUCT_NAME = "$(TARGET_NAME)";
				STRING_CATALOG_GENERATE_SYMBOLS = NO;
				SWIFT_APPROACHABLE_CONCURRENCY = YES;
				SWIFT_EMIT_LOC_STRINGS = NO;
				SWIFT_UPCOMING_FEATURE_MEMBER_IMPORT_VISIBILITY = YES;
				SWIFT_VERSION = 5.0;
				TARGETED_DEVICE_FAMILY = "1,2";
				TEST_HOST = "$(BUILT_PRODUCTS_DIR)/nhl-daily.app/$(BUNDLE_EXECUTABLE_FOLDER_PATH)/nhl-daily";
			};
			name = Debug;
		};
		E823BD942EC92B7E00D2493B /* Release */ = {
			isa = XCBuildConfiguration;
			buildSettings = {
				BUNDLE_LOADER = "$(TEST_HOST)";
				CODE_SIGN_STYLE = Automatic;
				CURRENT_PROJECT_VERSION = 1;
				GENERATE_INFOPLIST_FILE = YES;
				IPHONEOS_DEPLOYMENT_TARGET = 26.0;
				MARKETING_VERSION = 1.0;
				PRODUCT_BUNDLE_IDENTIFIER = "prelim.nhl-dailyTests";
				PRODUCT_NAME = "$(TARGET_NAME)";
				STRING_CATALOG_GENERATE_SYMBOLS = NO;
				SWIFT_APPROACHABLE_CONCURRENCY = YES;
				SWIFT_EMIT_LOC_STRINGS = NO;
				SWIFT_UPCOMING_FEATURE_MEMBER_IMPORT_VISIBILITY = YES;
				SWIFT_VERSION = 5.0;
				TARGETED_DEVICE_FAMILY = "1,2";
				TEST_HOST = "$(BUILT_PRODUCTS_DIR)/nhl-daily.app/$(BUNDLE_EXECUTABLE_FOLDER_PATH)/nhl-daily";
			};
			name = Release;
		};
		E823BD962EC92B7E00D2493B /* Debug */ = {
			isa = XCBuildConfiguration;
			buildSettings = {
				CODE_SIGN_STYLE = Automatic;
				CURRENT_PROJECT_VERSION = 1;
				GENERATE_INFOPLIST_FILE = YES;
				MARKETING_VERSION = 1.0;
				PRODUCT_BUNDLE_IDENTIFIER = "prelim.nhl-dailyUITests";
				PRODUCT_NAME = "$(TARGET_NAME)";
				STRING_CATALOG_GENERATE_SYMBOLS = NO;
				SWIFT_APPROACHABLE_CONCURRENCY = YES;
				SWIFT_EMIT_LOC_STRINGS = NO;
				SWIFT_UPCOMING_FEATURE_MEMBER_IMPORT_VISIBILITY = YES;
				SWIFT_VERSION = 5.0;
				TARGETED_DEVICE_FAMILY = "1,2";
				TEST_TARGET_NAME = "nhl-daily";
			};
			name = Debug;
		};
		E823BD972EC92B7E00D2493B /* Release */ = {
			isa = XCBuildConfiguration;
			buildSettings = {
				CODE_SIGN_STYLE = Automatic;
				CURRENT_PROJECT_VERSION = 1;
				GENERATE_INFOPLIST_FILE = YES;
				MARKETING_VERSION = 1.0;
				PRODUCT_BUNDLE_IDENTIFIER = "prelim.nhl-dailyUITests";
				PRODUCT_NAME = "$(TARGET_NAME)";
				STRING_CATALOG_GENERATE_SYMBOLS = NO;
				SWIFT_APPROACHABLE_CONCURRENCY = YES;
				SWIFT_EMIT_LOC_STRINGS = NO;
				SWIFT_UPCOMING_FEATURE_MEMBER_IMPORT_VISIBILITY = YES;
				SWIFT_VERSION = 5.0;
				TARGETED_DEVICE_FAMILY = "1,2";
				TEST_TARGET_NAME = "nhl-daily";
			};
			name = Release;
		};
/* End XCBuildConfiguration section */

/* Begin XCConfigurationList section */
		E823BD692EC92B6D00D2493B /* Build configuration list for PBXProject "nhl-daily" */ = {
			isa = XCConfigurationList;
			buildConfigurations = (
				E823BD8D2EC92B7E00D2493B /* Debug */,
				E823BD8E2EC92B7E00D2493B /* Release */,
			);
			defaultConfigurationIsVisible = 0;
			defaultConfigurationName = Release;
		};
		E823BD8F2EC92B7E00D2493B /* Build configuration list for PBXNativeTarget "nhl-daily" */ = {
			isa = XCConfigurationList;
			buildConfigurations = (
				E823BD902EC92B7E00D2493B /* Debug */,
				E823BD912EC92B7E00D2493B /* Release */,
			);
			defaultConfigurationIsVisible = 0;
			defaultConfigurationName = Release;
		};
		E823BD922EC92B7E00D2493B /* Build configuration list for PBXNativeTarget "nhl-dailyTests" */ = {
			isa = XCConfigurationList;
			buildConfigurations = (
				E823BD932EC92B7E00D2493B /* Debug */,
				E823BD942EC92B7E00D2493B /* Release */,
			);
			defaultConfigurationIsVisible = 0;
			defaultConfigurationName = Release;
		};
		E823BD952EC92B7E00D2493B /* Build configuration list for PBXNativeTarget "nhl-dailyUITests" */ = {
			isa = XCConfigurationList;
			buildConfigurations = (
				E823BD962EC92B7E00D2493B /* Debug */,
				E823BD972EC92B7E00D2493B /* Release */,
			);
			defaultConfigurationIsVisible = 0;
			defaultConfigurationName = Release;
		};
/* End XCConfigurationList section */
	};
	rootObject = E823BD662EC92B6D00D2493B /* Project object */;
}
